PODS:
  - FHXColorAndFont (0.1.0):
    - FHXKit
  - FHXFoundation (0.1.6)
  - FHXKit (0.1.3):
    - FHXFoundation
  - FHXPresentVC (0.1.0):
    - FHXColorAndFont
    - SnapKit
    - Then
  - SnapKit (4.0.0)
  - Then (2.3.0)

DEPENDENCIES:
  - FHXPresentVC (from `../`)

EXTERNAL SOURCES:
  FHXPresentVC:
    :path: ../

SPEC CHECKSUMS:
  FHXColorAndFont: 7fe0141b9d8a81e3a2a5e8f475596d436881f2b6
  FHXFoundation: 2e258421df559b4b1cdef4e6f0abf4fb92102ffa
  FHXKit: 74692b3434b72aa2bc1433a6b616011c2ffe4446
  FHXPresentVC: b0b87f1bd5cbc0999865225a7c8937ece04b8c48
  SnapKit: a42d492c16e80209130a3379f73596c3454b7694
  Then: ee21c97b85ff6062b9b0080c9abb1eea46743345

PODFILE CHECKSUM: abf25720e4a73a81727c79ec9a8391df3f9116ca

COCOAPODS: 1.4.0
